
Microsoft Visual Studio Solution File, Format Version 12.00
# Visual Studio 14
VisualStudioVersion = 14.0.24720.0
MinimumVisualStudioVersion = 10.0.40219.1
Project("{FAE04EC0-301F-11D3-BF4B-00C04F79EFBC}") = "SitePointApp.Droid", "SitePointApp\SitePointApp.Droid\SitePointApp.Droid.csproj", "{A9C40117-FF3C-4CFC-856C-81D964149AB3}"
EndProject
Project("{FAE04EC0-301F-11D3-BF4B-00C04F79EFBC}") = "SitePointApp.iOS", "SitePointApp\SitePointApp.iOS\SitePointApp.iOS.csproj", "{0DD621F5-0E0A-4052-838B-014D2D28CA08}"
EndProject
Project("{FAE04EC0-301F-11D3-BF4B-00C04F79EFBC}") = "SitePointApp.WinPhone", "SitePointApp\SitePointApp.WinPhone\SitePointApp.WinPhone.csproj", "{B15FD3BF-5FE0-4D9C-B209-859BAAA369DF}"
EndProject
Project("{FAE04EC0-301F-11D3-BF4B-00C04F79EFBC}") = "SitePointApp", "SitePointApp\SitePointApp\SitePointApp.csproj", "{58FD072A-E7B4-4F71-A2E4-43E006CF56A1}"
EndProject
Global
	GlobalSection(SolutionConfigurationPlatforms) = preSolution
		Ad-Hoc|Any CPU = Ad-Hoc|Any CPU
		Ad-Hoc|ARM = Ad-Hoc|ARM
		Ad-Hoc|iPhone = Ad-Hoc|iPhone
		Ad-Hoc|iPhoneSimulator = Ad-Hoc|iPhoneSimulator
		Ad-Hoc|x86 = Ad-Hoc|x86
		AppStore|Any CPU = AppStore|Any CPU
		AppStore|ARM = AppStore|ARM
		AppStore|iPhone = AppStore|iPhone
		AppStore|iPhoneSimulator = AppStore|iPhoneSimulator
		AppStore|x86 = AppStore|x86
		Debug|Any CPU = Debug|Any CPU
		Debug|ARM = Debug|ARM
		Debug|iPhone = Debug|iPhone
		Debug|iPhoneSimulator = Debug|iPhoneSimulator
		Debug|x86 = Debug|x86
		Release|Any CPU = Release|Any CPU
		Release|ARM = Release|ARM
		Release|iPhone = Release|iPhone
		Release|iPhoneSimulator = Release|iPhoneSimulator
		Release|x86 = Release|x86
	EndGlobalSection
	GlobalSection(ProjectConfigurationPlatforms) = postSolution
		{A9C40117-FF3C-4CFC-856C-81D964149AB3}.Ad-Hoc|Any CPU.ActiveCfg = Release|Any CPU
		{A9C40117-FF3C-4CFC-856C-81D964149AB3}.Ad-Hoc|Any CPU.Build.0 = Release|Any CPU
		{A9C40117-FF3C-4CFC-856C-81D964149AB3}.Ad-Hoc|Any CPU.Deploy.0 = Release|Any CPU
		{A9C40117-FF3C-4CFC-856C-81D964149AB3}.Ad-Hoc|ARM.ActiveCfg = Release|Any CPU
		{A9C40117-FF3C-4CFC-856C-81D964149AB3}.Ad-Hoc|ARM.Build.0 = Release|Any CPU
		{A9C40117-FF3C-4CFC-856C-81D964149AB3}.Ad-Hoc|ARM.Deploy.0 = Release|Any CPU
		{A9C40117-FF3C-4CFC-856C-81D964149AB3}.Ad-Hoc|iPhone.ActiveCfg = Release|Any CPU
		{A9C40117-FF3C-4CFC-856C-81D964149AB3}.Ad-Hoc|iPhone.Build.0 = Release|Any CPU
		{A9C40117-FF3C-4CFC-856C-81D964149AB3}.Ad-Hoc|iPhone.Deploy.0 = Release|Any CPU
		{A9C40117-FF3C-4CFC-856C-81D964149AB3}.Ad-Hoc|iPhoneSimulator.ActiveCfg = Release|Any CPU
		{A9C40117-FF3C-4CFC-856C-81D964149AB3}.Ad-Hoc|iPhoneSimulator.Build.0 = Release|Any CPU
		{A9C40117-FF3C-4CFC-856C-81D964149AB3}.Ad-Hoc|iPhoneSimulator.Deploy.0 = Release|Any CPU
		{A9C40117-FF3C-4CFC-856C-81D964149AB3}.Ad-Hoc|x86.ActiveCfg = Release|Any CPU
		{A9C40117-FF3C-4CFC-856C-81D964149AB3}.Ad-Hoc|x86.Build.0 = Release|Any CPU
		{A9C40117-FF3C-4CFC-856C-81D964149AB3}.Ad-Hoc|x86.Deploy.0 = Release|Any CPU
		{A9C40117-FF3C-4CFC-856C-81D964149AB3}.AppStore|Any CPU.ActiveCfg = Release|Any CPU
		{A9C40117-FF3C-4CFC-856C-81D964149AB3}.AppStore|Any CPU.Build.0 = Release|Any CPU
		{A9C40117-FF3C-4CFC-856C-81D964149AB3}.AppStore|Any CPU.Deploy.0 = Release|Any CPU
		{A9C40117-FF3C-4CFC-856C-81D964149AB3}.AppStore|ARM.ActiveCfg = Release|Any CPU
		{A9C40117-FF3C-4CFC-856C-81D964149AB3}.AppStore|ARM.Build.0 = Release|Any CPU
		{A9C40117-FF3C-4CFC-856C-81D964149AB3}.AppStore|ARM.Deploy.0 = Release|Any CPU
		{A9C40117-FF3C-4CFC-856C-81D964149AB3}.AppStore|iPhone.ActiveCfg = Release|Any CPU
		{A9C40117-FF3C-4CFC-856C-81D964149AB3}.AppStore|iPhone.Build.0 = Release|Any CPU
		{A9C40117-FF3C-4CFC-856C-81D964149AB3}.AppStore|iPhone.Deploy.0 = Release|Any CPU
		{A9C40117-FF3C-4CFC-856C-81D964149AB3}.AppStore|iPhoneSimulator.ActiveCfg = Release|Any CPU
		{A9C40117-FF3C-4CFC-856C-81D964149AB3}.AppStore|iPhoneSimulator.Build.0 = Release|Any CPU
		{A9C40117-FF3C-4CFC-856C-81D964149AB3}.AppStore|iPhoneSimulator.Deploy.0 = Release|Any CPU
		{A9C40117-FF3C-4CFC-856C-81D964149AB3}.AppStore|x86.ActiveCfg = Release|Any CPU
		{A9C40117-FF3C-4CFC-856C-81D964149AB3}.AppStore|x86.Build.0 = Release|Any CPU
		{A9C40117-FF3C-4CFC-856C-81D964149AB3}.AppStore|x86.Deploy.0 = Release|Any CPU
		{A9C40117-FF3C-4CFC-856C-81D964149AB3}.Debug|Any CPU.ActiveCfg = Debug|Any CPU
		{A9C40117-FF3C-4CFC-856C-81D964149AB3}.Debug|Any CPU.Build.0 = Debug|Any CPU
		{A9C40117-FF3C-4CFC-856C-81D964149AB3}.Debug|Any CPU.Deploy.0 = Debug|Any CPU
		{A9C40117-FF3C-4CFC-856C-81D964149AB3}.Debug|ARM.ActiveCfg = Debug|Any CPU
		{A9C40117-FF3C-4CFC-856C-81D964149AB3}.Debug|ARM.Build.0 = Debug|Any CPU
		{A9C40117-FF3C-4CFC-856C-81D964149AB3}.Debug|ARM.Deploy.0 = Debug|Any CPU
		{A9C40117-FF3C-4CFC-856C-81D964149AB3}.Debug|iPhone.ActiveCfg = Debug|Any CPU
		{A9C40117-FF3C-4CFC-856C-81D964149AB3}.Debug|iPhone.Build.0 = Debug|Any CPU
		{A9C40117-FF3C-4CFC-856C-81D964149AB3}.Debug|iPhone.Deploy.0 = Debug|Any CPU
		{A9C40117-FF3C-4CFC-856C-81D964149AB3}.Debug|iPhoneSimulator.ActiveCfg = Debug|Any CPU
		{A9C40117-FF3C-4CFC-856C-81D964149AB3}.Debug|iPhoneSimulator.Build.0 = Debug|Any CPU
		{A9C40117-FF3C-4CFC-856C-81D964149AB3}.Debug|iPhoneSimulator.Deploy.0 = Debug|Any CPU
		{A9C40117-FF3C-4CFC-856C-81D964149AB3}.Debug|x86.ActiveCfg = Debug|Any CPU
		{A9C40117-FF3C-4CFC-856C-81D964149AB3}.Debug|x86.Build.0 = Debug|Any CPU
		{A9C40117-FF3C-4CFC-856C-81D964149AB3}.Debug|x86.Deploy.0 = Debug|Any CPU
		{A9C40117-FF3C-4CFC-856C-81D964149AB3}.Release|Any CPU.ActiveCfg = Release|Any CPU
		{A9C40117-FF3C-4CFC-856C-81D964149AB3}.Release|Any CPU.Build.0 = Release|Any CPU
		{A9C40117-FF3C-4CFC-856C-81D964149AB3}.Release|Any CPU.Deploy.0 = Release|Any CPU
		{A9C40117-FF3C-4CFC-856C-81D964149AB3}.Release|ARM.ActiveCfg = Release|Any CPU
		{A9C40117-FF3C-4CFC-856C-81D964149AB3}.Release|ARM.Build.0 = Release|Any CPU
		{A9C40117-FF3C-4CFC-856C-81D964149AB3}.Release|ARM.Deploy.0 = Release|Any CPU
		{A9C40117-FF3C-4CFC-856C-81D964149AB3}.Release|iPhone.ActiveCfg = Release|Any CPU
		{A9C40117-FF3C-4CFC-856C-81D964149AB3}.Release|iPhone.Build.0 = Release|Any CPU
		{A9C40117-FF3C-4CFC-856C-81D964149AB3}.Release|iPhone.Deploy.0 = Release|Any CPU
		{A9C40117-FF3C-4CFC-856C-81D964149AB3}.Release|iPhoneSimulator.ActiveCfg = Release|Any CPU
		{A9C40117-FF3C-4CFC-856C-81D964149AB3}.Release|iPhoneSimulator.Build.0 = Release|Any CPU
		{A9C40117-FF3C-4CFC-856C-81D964149AB3}.Release|iPhoneSimulator.Deploy.0 = Release|Any CPU
		{A9C40117-FF3C-4CFC-856C-81D964149AB3}.Release|x86.ActiveCfg = Release|Any CPU
		{A9C40117-FF3C-4CFC-856C-81D964149AB3}.Release|x86.Build.0 = Release|Any CPU
		{A9C40117-FF3C-4CFC-856C-81D964149AB3}.Release|x86.Deploy.0 = Release|Any CPU
		{0DD621F5-0E0A-4052-838B-014D2D28CA08}.Ad-Hoc|Any CPU.ActiveCfg = Ad-Hoc|iPhone
		{0DD621F5-0E0A-4052-838B-014D2D28CA08}.Ad-Hoc|ARM.ActiveCfg = Ad-Hoc|iPhone
		{0DD621F5-0E0A-4052-838B-014D2D28CA08}.Ad-Hoc|iPhone.ActiveCfg = Ad-Hoc|iPhone
		{0DD621F5-0E0A-4052-838B-014D2D28CA08}.Ad-Hoc|iPhone.Build.0 = Ad-Hoc|iPhone
		{0DD621F5-0E0A-4052-838B-014D2D28CA08}.Ad-Hoc|iPhoneSimulator.ActiveCfg = Ad-Hoc|iPhoneSimulator
		{0DD621F5-0E0A-4052-838B-014D2D28CA08}.Ad-Hoc|iPhoneSimulator.Build.0 = Ad-Hoc|iPhoneSimulator
		{0DD621F5-0E0A-4052-838B-014D2D28CA08}.Ad-Hoc|x86.ActiveCfg = Ad-Hoc|iPhone
		{0DD621F5-0E0A-4052-838B-014D2D28CA08}.AppStore|Any CPU.ActiveCfg = AppStore|iPhone
		{0DD621F5-0E0A-4052-838B-014D2D28CA08}.AppStore|ARM.ActiveCfg = AppStore|iPhone
		{0DD621F5-0E0A-4052-838B-014D2D28CA08}.AppStore|iPhone.ActiveCfg = AppStore|iPhone
		{0DD621F5-0E0A-4052-838B-014D2D28CA08}.AppStore|iPhone.Build.0 = AppStore|iPhone
		{0DD621F5-0E0A-4052-838B-014D2D28CA08}.AppStore|iPhoneSimulator.ActiveCfg = AppStore|iPhoneSimulator
		{0DD621F5-0E0A-4052-838B-014D2D28CA08}.AppStore|iPhoneSimulator.Build.0 = AppStore|iPhoneSimulator
		{0DD621F5-0E0A-4052-838B-014D2D28CA08}.AppStore|x86.ActiveCfg = AppStore|iPhone
		{0DD621F5-0E0A-4052-838B-014D2D28CA08}.Debug|Any CPU.ActiveCfg = Debug|iPhone
		{0DD621F5-0E0A-4052-838B-014D2D28CA08}.Debug|ARM.ActiveCfg = Debug|iPhone
		{0DD621F5-0E0A-4052-838B-014D2D28CA08}.Debug|iPhone.ActiveCfg = Debug|iPhone
		{0DD621F5-0E0A-4052-838B-014D2D28CA08}.Debug|iPhone.Build.0 = Debug|iPhone
		{0DD621F5-0E0A-4052-838B-014D2D28CA08}.Debug|iPhoneSimulator.ActiveCfg = Debug|iPhoneSimulator
		{0DD621F5-0E0A-4052-838B-014D2D28CA08}.Debug|iPhoneSimulator.Build.0 = Debug|iPhoneSimulator
		{0DD621F5-0E0A-4052-838B-014D2D28CA08}.Debug|x86.ActiveCfg = Debug|iPhone
		{0DD621F5-0E0A-4052-838B-014D2D28CA08}.Release|Any CPU.ActiveCfg = Release|iPhone
		{0DD621F5-0E0A-4052-838B-014D2D28CA08}.Release|ARM.ActiveCfg = Release|iPhone
		{0DD621F5-0E0A-4052-838B-014D2D28CA08}.Release|iPhone.ActiveCfg = Release|iPhone
		{0DD621F5-0E0A-4052-838B-014D2D28CA08}.Release|iPhone.Build.0 = Release|iPhone
		{0DD621F5-0E0A-4052-838B-014D2D28CA08}.Release|iPhoneSimulator.ActiveCfg = Release|iPhoneSimulator
		{0DD621F5-0E0A-4052-838B-014D2D28CA08}.Release|iPhoneSimulator.Build.0 = Release|iPhoneSimulator
		{0DD621F5-0E0A-4052-838B-014D2D28CA08}.Release|x86.ActiveCfg = Release|iPhone
		{B15FD3BF-5FE0-4D9C-B209-859BAAA369DF}.Ad-Hoc|Any CPU.ActiveCfg = Release|Any CPU
		{B15FD3BF-5FE0-4D9C-B209-859BAAA369DF}.Ad-Hoc|Any CPU.Build.0 = Release|Any CPU
		{B15FD3BF-5FE0-4D9C-B209-859BAAA369DF}.Ad-Hoc|Any CPU.Deploy.0 = Release|Any CPU
		{B15FD3BF-5FE0-4D9C-B209-859BAAA369DF}.Ad-Hoc|ARM.ActiveCfg = Release|ARM
		{B15FD3BF-5FE0-4D9C-B209-859BAAA369DF}.Ad-Hoc|ARM.Build.0 = Release|ARM
		{B15FD3BF-5FE0-4D9C-B209-859BAAA369DF}.Ad-Hoc|ARM.Deploy.0 = Release|ARM
		{B15FD3BF-5FE0-4D9C-B209-859BAAA369DF}.Ad-Hoc|iPhone.ActiveCfg = Release|Any CPU
		{B15FD3BF-5FE0-4D9C-B209-859BAAA369DF}.Ad-Hoc|iPhone.Build.0 = Release|Any CPU
		{B15FD3BF-5FE0-4D9C-B209-859BAAA369DF}.Ad-Hoc|iPhone.Deploy.0 = Release|Any CPU
		{B15FD3BF-5FE0-4D9C-B209-859BAAA369DF}.Ad-Hoc|iPhoneSimulator.ActiveCfg = Release|Any CPU
		{B15FD3BF-5FE0-4D9C-B209-859BAAA369DF}.Ad-Hoc|iPhoneSimulator.Build.0 = Release|Any CPU
		{B15FD3BF-5FE0-4D9C-B209-859BAAA369DF}.Ad-Hoc|iPhoneSimulator.Deploy.0 = Release|Any CPU
		{B15FD3BF-5FE0-4D9C-B209-859BAAA369DF}.Ad-Hoc|x86.ActiveCfg = Release|x86
		{B15FD3BF-5FE0-4D9C-B209-859BAAA369DF}.Ad-Hoc|x86.Build.0 = Release|x86
		{B15FD3BF-5FE0-4D9C-B209-859BAAA369DF}.Ad-Hoc|x86.Deploy.0 = Release|x86
		{B15FD3BF-5FE0-4D9C-B209-859BAAA369DF}.AppStore|Any CPU.ActiveCfg = Release|Any CPU
		{B15FD3BF-5FE0-4D9C-B209-859BAAA369DF}.AppStore|Any CPU.Build.0 = Release|Any CPU
		{B15FD3BF-5FE0-4D9C-B209-859BAAA369DF}.AppStore|Any CPU.Deploy.0 = Release|Any CPU
		{B15FD3BF-5FE0-4D9C-B209-859BAAA369DF}.AppStore|ARM.ActiveCfg = Release|ARM
		{B15FD3BF-5FE0-4D9C-B209-859BAAA369DF}.AppStore|ARM.Build.0 = Release|ARM
		{B15FD3BF-5FE0-4D9C-B209-859BAAA369DF}.AppStore|ARM.Deploy.0 = Release|ARM
		{B15FD3BF-5FE0-4D9C-B209-859BAAA369DF}.AppStore|iPhone.ActiveCfg = Release|Any CPU
		{B15FD3BF-5FE0-4D9C-B209-859BAAA369DF}.AppStore|iPhone.Build.0 = Release|Any CPU
		{B15FD3BF-5FE0-4D9C-B209-859BAAA369DF}.AppStore|iPhone.Deploy.0 = Release|Any CPU
		{B15FD3BF-5FE0-4D9C-B209-859BAAA369DF}.AppStore|iPhoneSimulator.ActiveCfg = Release|Any CPU
		{B15FD3BF-5FE0-4D9C-B209-859BAAA369DF}.AppStore|iPhoneSimulator.Build.0 = Release|Any CPU
		{B15FD3BF-5FE0-4D9C-B209-859BAAA369DF}.AppStore|iPhoneSimulator.Deploy.0 = Release|Any CPU
		{B15FD3BF-5FE0-4D9C-B209-859BAAA369DF}.AppStore|x86.ActiveCfg = Release|x86
		{B15FD3BF-5FE0-4D9C-B209-859BAAA369DF}.AppStore|x86.Build.0 = Release|x86
		{B15FD3BF-5FE0-4D9C-B209-859BAAA369DF}.AppStore|x86.Deploy.0 = Release|x86
		{B15FD3BF-5FE0-4D9C-B209-859BAAA369DF}.Debug|Any CPU.ActiveCfg = Debug|Any CPU
		{B15FD3BF-5FE0-4D9C-B209-859BAAA369DF}.Debug|Any CPU.Build.0 = Debug|Any CPU
		{B15FD3BF-5FE0-4D9C-B209-859BAAA369DF}.Debug|Any CPU.Deploy.0 = Debug|Any CPU
		{B15FD3BF-5FE0-4D9C-B209-859BAAA369DF}.Debug|ARM.ActiveCfg = Debug|ARM
		{B15FD3BF-5FE0-4D9C-B209-859BAAA369DF}.Debug|ARM.Build.0 = Debug|ARM
		{B15FD3BF-5FE0-4D9C-B209-859BAAA369DF}.Debug|ARM.Deploy.0 = Debug|ARM
		{B15FD3BF-5FE0-4D9C-B209-859BAAA369DF}.Debug|iPhone.ActiveCfg = Debug|Any CPU
		{B15FD3BF-5FE0-4D9C-B209-859BAAA369DF}.Debug|iPhone.Build.0 = Debug|Any CPU
		{B15FD3BF-5FE0-4D9C-B209-859BAAA369DF}.Debug|iPhone.Deploy.0 = Debug|Any CPU
		{B15FD3BF-5FE0-4D9C-B209-859BAAA369DF}.Debug|iPhoneSimulator.ActiveCfg = Debug|Any CPU
		{B15FD3BF-5FE0-4D9C-B209-859BAAA369DF}.Debug|iPhoneSimulator.Build.0 = Debug|Any CPU
		{B15FD3BF-5FE0-4D9C-B209-859BAAA369DF}.Debug|iPhoneSimulator.Deploy.0 = Debug|Any CPU
		{B15FD3BF-5FE0-4D9C-B209-859BAAA369DF}.Debug|x86.ActiveCfg = Debug|x86
		{B15FD3BF-5FE0-4D9C-B209-859BAAA369DF}.Debug|x86.Build.0 = Debug|x86
		{B15FD3BF-5FE0-4D9C-B209-859BAAA369DF}.Debug|x86.Deploy.0 = Debug|x86
		{B15FD3BF-5FE0-4D9C-B209-859BAAA369DF}.Release|Any CPU.ActiveCfg = Release|Any CPU
		{B15FD3BF-5FE0-4D9C-B209-859BAAA369DF}.Release|Any CPU.Build.0 = Release|Any CPU
		{B15FD3BF-5FE0-4D9C-B209-859BAAA369DF}.Release|Any CPU.Deploy.0 = Release|Any CPU
		{B15FD3BF-5FE0-4D9C-B209-859BAAA369DF}.Release|ARM.ActiveCfg = Release|ARM
		{B15FD3BF-5FE0-4D9C-B209-859BAAA369DF}.Release|ARM.Build.0 = Release|ARM
		{B15FD3BF-5FE0-4D9C-B209-859BAAA369DF}.Release|ARM.Deploy.0 = Release|ARM
		{B15FD3BF-5FE0-4D9C-B209-859BAAA369DF}.Release|iPhone.ActiveCfg = Release|Any CPU
		{B15FD3BF-5FE0-4D9C-B209-859BAAA369DF}.Release|iPhone.Build.0 = Release|Any CPU
		{B15FD3BF-5FE0-4D9C-B209-859BAAA369DF}.Release|iPhone.Deploy.0 = Release|Any CPU
		{B15FD3BF-5FE0-4D9C-B209-859BAAA369DF}.Release|iPhoneSimulator.ActiveCfg = Release|Any CPU
		{B15FD3BF-5FE0-4D9C-B209-859BAAA369DF}.Release|iPhoneSimulator.Build.0 = Release|Any CPU
		{B15FD3BF-5FE0-4D9C-B209-859BAAA369DF}.Release|iPhoneSimulator.Deploy.0 = Release|Any CPU
		{B15FD3BF-5FE0-4D9C-B209-859BAAA369DF}.Release|x86.ActiveCfg = Release|x86
		{B15FD3BF-5FE0-4D9C-B209-859BAAA369DF}.Release|x86.Build.0 = Release|x86
		{B15FD3BF-5FE0-4D9C-B209-859BAAA369DF}.Release|x86.Deploy.0 = Release|x86
		{58FD072A-E7B4-4F71-A2E4-43E006CF56A1}.Ad-Hoc|Any CPU.ActiveCfg = Release|Any CPU
		{58FD072A-E7B4-4F71-A2E4-43E006CF56A1}.Ad-Hoc|Any CPU.Build.0 = Release|Any CPU
		{58FD072A-E7B4-4F71-A2E4-43E006CF56A1}.Ad-Hoc|ARM.ActiveCfg = Release|Any CPU
		{58FD072A-E7B4-4F71-A2E4-43E006CF56A1}.Ad-Hoc|ARM.Build.0 = Release|Any CPU
		{58FD072A-E7B4-4F71-A2E4-43E006CF56A1}.Ad-Hoc|iPhone.ActiveCfg = Release|Any CPU
		{58FD072A-E7B4-4F71-A2E4-43E006CF56A1}.Ad-Hoc|iPhone.Build.0 = Release|Any CPU
		{58FD072A-E7B4-4F71-A2E4-43E006CF56A1}.Ad-Hoc|iPhoneSimulator.ActiveCfg = Release|Any CPU
		{58FD072A-E7B4-4F71-A2E4-43E006CF56A1}.Ad-Hoc|iPhoneSimulator.Build.0 = Release|Any CPU
		{58FD072A-E7B4-4F71-A2E4-43E006CF56A1}.Ad-Hoc|x86.ActiveCfg = Release|Any CPU
		{58FD072A-E7B4-4F71-A2E4-43E006CF56A1}.Ad-Hoc|x86.Build.0 = Release|Any CPU
		{58FD072A-E7B4-4F71-A2E4-43E006CF56A1}.AppStore|Any CPU.ActiveCfg = Release|Any CPU
		{58FD072A-E7B4-4F71-A2E4-43E006CF56A1}.AppStore|Any CPU.Build.0 = Release|Any CPU
		{58FD072A-E7B4-4F71-A2E4-43E006CF56A1}.AppStore|ARM.ActiveCfg = Release|Any CPU
		{58FD072A-E7B4-4F71-A2E4-43E006CF56A1}.AppStore|ARM.Build.0 = Release|Any CPU
		{58FD072A-E7B4-4F71-A2E4-43E006CF56A1}.AppStore|iPhone.ActiveCfg = Release|Any CPU
		{58FD072A-E7B4-4F71-A2E4-43E006CF56A1}.AppStore|iPhone.Build.0 = Release|Any CPU
		{58FD072A-E7B4-4F71-A2E4-43E006CF56A1}.AppStore|iPhoneSimulator.ActiveCfg = Release|Any CPU
		{58FD072A-E7B4-4F71-A2E4-43E006CF56A1}.AppStore|iPhoneSimulator.Build.0 = Release|Any CPU
		{58FD072A-E7B4-4F71-A2E4-43E006CF56A1}.AppStore|x86.ActiveCfg = Release|Any CPU
		{58FD072A-E7B4-4F71-A2E4-43E006CF56A1}.AppStore|x86.Build.0 = Release|Any CPU
		{58FD072A-E7B4-4F71-A2E4-43E006CF56A1}.Debug|Any CPU.ActiveCfg = Debug|Any CPU
		{58FD072A-E7B4-4F71-A2E4-43E006CF56A1}.Debug|Any CPU.Build.0 = Debug|Any CPU
		{58FD072A-E7B4-4F71-A2E4-43E006CF56A1}.Debug|ARM.ActiveCfg = Debug|Any CPU
		{58FD072A-E7B4-4F71-A2E4-43E006CF56A1}.Debug|ARM.Build.0 = Debug|Any CPU
		{58FD072A-E7B4-4F71-A2E4-43E006CF56A1}.Debug|iPhone.ActiveCfg = Debug|Any CPU
		{58FD072A-E7B4-4F71-A2E4-43E006CF56A1}.Debug|iPhone.Build.0 = Debug|Any CPU
		{58FD072A-E7B4-4F71-A2E4-43E006CF56A1}.Debug|iPhoneSimulator.ActiveCfg = Debug|Any CPU
		{58FD072A-E7B4-4F71-A2E4-43E006CF56A1}.Debug|iPhoneSimulator.Build.0 = Debug|Any CPU
		{58FD072A-E7B4-4F71-A2E4-43E006CF56A1}.Debug|x86.ActiveCfg = Debug|Any CPU
		{58FD072A-E7B4-4F71-A2E4-43E006CF56A1}.Debug|x86.Build.0 = Debug|Any CPU
		{58FD072A-E7B4-4F71-A2E4-43E006CF56A1}.Release|Any CPU.ActiveCfg = Release|Any CPU
		{58FD072A-E7B4-4F71-A2E4-43E006CF56A1}.Release|Any CPU.Build.0 = Release|Any CPU
		{58FD072A-E7B4-4F71-A2E4-43E006CF56A1}.Release|ARM.ActiveCfg = Release|Any CPU
		{58FD072A-E7B4-4F71-A2E4-43E006CF56A1}.Release|ARM.Build.0 = Release|Any CPU
		{58FD072A-E7B4-4F71-A2E4-43E006CF56A1}.Release|iPhone.ActiveCfg = Release|Any CPU
		{58FD072A-E7B4-4F71-A2E4-43E006CF56A1}.Release|iPhone.Build.0 = Release|Any CPU
		{58FD072A-E7B4-4F71-A2E4-43E006CF56A1}.Release|iPhoneSimulator.ActiveCfg = Release|Any CPU
		{58FD072A-E7B4-4F71-A2E4-43E006CF56A1}.Release|iPhoneSimulator.Build.0 = Release|Any CPU
		{58FD072A-E7B4-4F71-A2E4-43E006CF56A1}.Release|x86.ActiveCfg = Release|Any CPU
		{58FD072A-E7B4-4F71-A2E4-43E006CF56A1}.Release|x86.Build.0 = Release|Any CPU
	EndGlobalSection
	GlobalSection(SolutionProperties) = preSolution
		HideSolutionNode = FALSE
	EndGlobalSection
EndGlobal
